
Microsoft Visual Studio Solution File, Format Version 12.00
# Visual Studio Version 17
VisualStudioVersion = 17.0.31903.59
MinimumVisualStudioVersion = 10.0.40219.1
Project("{2150E333-8FDC-42A3-9474-1A3956D46DE8}") = "src", "src", "{086A1D07-78AA-4516-A52B-3F1A442EC750}"
EndProject
Project("{FAE04EC0-301F-11D3-BF4B-00C04F79EFBC}") = "Teos.OpportunityNetwork.Core", "src\Teos.OpportunityNetwork.Core\Teos.OpportunityNetwork.Core.csproj", "{6C2D51CB-DB0F-47E3-BF56-71223E20715C}"
EndProject
Project("{FAE04EC0-301F-11D3-BF4B-00C04F79EFBC}") = "Teos.OpportunityNetwork.Ingestion", "src\Teos.OpportunityNetwork.Ingestion\Teos.OpportunityNetwork.Ingestion.csproj", "{6D717B82-DA75-46AF-888F-620DF956D60D}"
EndProject
Project("{FAE04EC0-301F-11D3-BF4B-00C04F79EFBC}") = "Teos.OpportunityNetwork.Matching", "src\Teos.OpportunityNetwork.Matching\Teos.OpportunityNetwork.Matching.csproj", "{31C4B724-18AD-4B21-A124-AAD61ADB2EEE}"
EndProject
Project("{FAE04EC0-301F-11D3-BF4B-00C04F79EFBC}") = "Teos.OpportunityNetwork.Persistence", "src\Teos.OpportunityNetwork.Persistence\Teos.OpportunityNetwork.Persistence.csproj", "{D016EE66-996A-4386-8DDC-AA6CEAD40A6F}"
EndProject
Project("{FAE04EC0-301F-11D3-BF4B-00C04F79EFBC}") = "Teos.OpportunityNetwork.Telegram", "src\Teos.OpportunityNetwork.Telegram\Teos.OpportunityNetwork.Telegram.csproj", "{A3CBC70F-AEAD-454E-AAC3-2C9BDA26743D}"
EndProject
Project("{2150E333-8FDC-42A3-9474-1A3956D46DE8}") = "Tests", "Tests", "{2EB461DA-7E16-4B79-AA4F-9FB147D6040C}"
EndProject
Project("{FAE04EC0-301F-11D3-BF4B-00C04F79EFBC}") = "Teos.OpportunityNetwork.Tests", "Tests\Teos.OpportunityNetwork.Tests\Teos.OpportunityNetwork.Tests.csproj", "{F34B8A4E-E2CC-477D-ACFE-E1823094F210}"
EndProject
Global
	GlobalSection(SolutionConfigurationPlatforms) = preSolution
		Debug|Any CPU = Debug|Any CPU
		Release|Any CPU = Release|Any CPU
	EndGlobalSection
	GlobalSection(SolutionProperties) = preSolution
		HideSolutionNode = FALSE
	EndGlobalSection
	GlobalSection(ProjectConfigurationPlatforms) = postSolution
		{6C2D51CB-DB0F-47E3-BF56-71223E20715C}.Debug|Any CPU.ActiveCfg = Debug|Any CPU
		{6C2D51CB-DB0F-47E3-BF56-71223E20715C}.Debug|Any CPU.Build.0 = Debug|Any CPU
		{6C2D51CB-DB0F-47E3-BF56-71223E20715C}.Release|Any CPU.ActiveCfg = Release|Any CPU
		{6C2D51CB-DB0F-47E3-BF56-71223E20715C}.Release|Any CPU.Build.0 = Release|Any CPU
		{6D717B82-DA75-46AF-888F-620DF956D60D}.Debug|Any CPU.ActiveCfg = Debug|Any CPU
		{6D717B82-DA75-46AF-888F-620DF956D60D}.Debug|Any CPU.Build.0 = Debug|Any CPU
		{6D717B82-DA75-46AF-888F-620DF956D60D}.Release|Any CPU.ActiveCfg = Release|Any CPU
		{6D717B82-DA75-46AF-888F-620DF956D60D}.Release|Any CPU.Build.0 = Release|Any CPU
		{31C4B724-18AD-4B21-A124-AAD61ADB2EEE}.Debug|Any CPU.ActiveCfg = Debug|Any CPU
		{31C4B724-18AD-4B21-A124-AAD61ADB2EEE}.Debug|Any CPU.Build.0 = Debug|Any CPU
		{31C4B724-18AD-4B21-A124-AAD61ADB2EEE}.Release|Any CPU.ActiveCfg = Release|Any CPU
		{31C4B724-18AD-4B21-A124-AAD61ADB2EEE}.Release|Any CPU.Build.0 = Release|Any CPU
		{D016EE66-996A-4386-8DDC-AA6CEAD40A6F}.Debug|Any CPU.ActiveCfg = Debug|Any CPU
		{D016EE66-996A-4386-8DDC-AA6CEAD40A6F}.Debug|Any CPU.Build.0 = Debug|Any CPU
		{D016EE66-996A-4386-8DDC-AA6CEAD40A6F}.Release|Any CPU.ActiveCfg = Release|Any CPU
		{D016EE66-996A-4386-8DDC-AA6CEAD40A6F}.Release|Any CPU.Build.0 = Release|Any CPU
		{A3CBC70F-AEAD-454E-AAC3-2C9BDA26743D}.Debug|Any CPU.ActiveCfg = Debug|Any CPU
		{A3CBC70F-AEAD-454E-AAC3-2C9BDA26743D}.Debug|Any CPU.Build.0 = Debug|Any CPU
		{A3CBC70F-AEAD-454E-AAC3-2C9BDA26743D}.Release|Any CPU.ActiveCfg = Release|Any CPU
		{A3CBC70F-AEAD-454E-AAC3-2C9BDA26743D}.Release|Any CPU.Build.0 = Release|Any CPU
		{F34B8A4E-E2CC-477D-ACFE-E1823094F210}.Debug|Any CPU.ActiveCfg = Debug|Any CPU
		{F34B8A4E-E2CC-477D-ACFE-E1823094F210}.Debug|Any CPU.Build.0 = Debug|Any CPU
		{F34B8A4E-E2CC-477D-ACFE-E1823094F210}.Release|Any CPU.ActiveCfg = Release|Any CPU
		{F34B8A4E-E2CC-477D-ACFE-E1823094F210}.Release|Any CPU.Build.0 = Release|Any CPU
	EndGlobalSection
	GlobalSection(NestedProjects) = preSolution
		{6C2D51CB-DB0F-47E3-BF56-71223E20715C} = {086A1D07-78AA-4516-A52B-3F1A442EC750}
		{6D717B82-DA75-46AF-888F-620DF956D60D} = {086A1D07-78AA-4516-A52B-3F1A442EC750}
		{31C4B724-18AD-4B21-A124-AAD61ADB2EEE} = {086A1D07-78AA-4516-A52B-3F1A442EC750}
		{D016EE66-996A-4386-8DDC-AA6CEAD40A6F} = {086A1D07-78AA-4516-A52B-3F1A442EC750}
		{A3CBC70F-AEAD-454E-AAC3-2C9BDA26743D} = {086A1D07-78AA-4516-A52B-3F1A442EC750}
		{F34B8A4E-E2CC-477D-ACFE-E1823094F210} = {2EB461DA-7E16-4B79-AA4F-9FB147D6040C}
	EndGlobalSection
EndGlobal
